
Microsoft Visual Studio Solution File, Format Version 12.00
# Visual Studio Version 17
VisualStudioVersion = 17.11.35327.3
MinimumVisualStudioVersion = 10.0.40219.1
Project("{9A19103F-16F7-4668-BE54-9A1E7A4F7556}") = "GameRecordsLambda", "GameRecordsLambda.csproj", "{65AA2914-C8E9-4677-B2A7-2A8857CB8277}"
EndProject
Global
	GlobalSection(SolutionConfigurationPlatforms) = preSolution
		Debug|Any CPU = Debug|Any CPU
		Release|Any CPU = Release|Any CPU
	EndGlobalSection
	GlobalSection(ProjectConfigurationPlatforms) = postSolution
		{65AA2914-C8E9-4677-B2A7-2A8857CB8277}.Debug|Any CPU.ActiveCfg = Debug|Any CPU
		{65AA2914-C8E9-4677-B2A7-2A8857CB8277}.Debug|Any CPU.Build.0 = Debug|Any CPU
		{65AA2914-C8E9-4677-B2A7-2A8857CB8277}.Release|Any CPU.ActiveCfg = Release|Any CPU
		{65AA2914-C8E9-4677-B2A7-2A8857CB8277}.Release|Any CPU.Build.0 = Release|Any CPU
	EndGlobalSection
	GlobalSection(SolutionProperties) = preSolution
		HideSolutionNode = FALSE
	EndGlobalSection
	GlobalSection(ExtensibilityGlobals) = postSolution
		SolutionGuid = {890A7C42-B6AF-403A-AC5D-5023A88CFD81}
	EndGlobalSection
EndGlobal
